{
  "name": "chatApp",
  "lockfileVersion": 3,
  "requires": true,
  "packages": {
    "": {
      "dependencies": {
        "react-text-to-speech": "^1.4.1"
      }
    },
    "node_modules/react-text-to-speech": {
      "version": "1.4.1",
      "resolved": "https://registry.npmjs.org/react-text-to-speech/-/react-text-to-speech-1.4.1.tgz",
      "integrity": "sha512-kCTKrvRE6nyspTB9DpHPwTqD9jLd8DXu+jK4F3plZ8l3sMVcVaP8qRgXZhtLpa4JEumAQSkfciZvza+7EJ/oqw==",
      "license": "MIT",
      "peerDependencies": {
        "react": "^17.0.0 || ^18.0.0 || ^19.0.0",
        "react-dom": "^17.0.0 || ^18.0.0 || ^19.0.0"
      }
    }
  }
}
